
Microsoft Visual Studio Solution File, Format Version 12.00
# Visual Studio Version 17
VisualStudioVersion = 17.0.32112.339
MinimumVisualStudioVersion = 10.0.40219.1
Project("{FAE04EC0-301F-11D3-BF4B-00C04F79EFBC}") = "Tupiniquim.ConsoleApp", "Tupiniquim.ConsoleApp\Tupiniquim.ConsoleApp.csproj", "{AFA6AD04-D9DB-4FD8-82E9-CE54D4CC2512}"
EndProject
Global
	GlobalSection(SolutionConfigurationPlatforms) = preSolution
		Debug|Any CPU = Debug|Any CPU
		Release|Any CPU = Release|Any CPU
	EndGlobalSection
	GlobalSection(ProjectConfigurationPlatforms) = postSolution
		{AFA6AD04-D9DB-4FD8-82E9-CE54D4CC2512}.Debug|Any CPU.ActiveCfg = Debug|Any CPU
		{AFA6AD04-D9DB-4FD8-82E9-CE54D4CC2512}.Debug|Any CPU.Build.0 = Debug|Any CPU
		{AFA6AD04-D9DB-4FD8-82E9-CE54D4CC2512}.Release|Any CPU.ActiveCfg = Release|Any CPU
		{AFA6AD04-D9DB-4FD8-82E9-CE54D4CC2512}.Release|Any CPU.Build.0 = Release|Any CPU
	EndGlobalSection
	GlobalSection(SolutionProperties) = preSolution
		HideSolutionNode = FALSE
	EndGlobalSection
	GlobalSection(ExtensibilityGlobals) = postSolution
		SolutionGuid = {587DCDAA-40DF-42F3-8772-F8110F1450CC}
	EndGlobalSection
EndGlobal
